
Microsoft Visual Studio Solution File, Format Version 12.00
# Visual Studio Version 16
VisualStudioVersion = 16.0.30320.27
MinimumVisualStudioVersion = 15.0.26124.0
Project("{2150E333-8FDC-42A3-9474-1A3956D46DE8}") = "src", "src", "{B76B46EE-C81C-4E61-BA76-263C3681529B}"
EndProject
Project("{2150E333-8FDC-42A3-9474-1A3956D46DE8}") = "3 - Domain", "3 - Domain", "{FE41B8A2-1E5A-4213-ABD0-D9342F503D71}"
EndProject
Project("{9A19103F-16F7-4668-BE54-9A1E7A4F7556}") = "DemoDomain", "src\3 - Domain\DemoDomain\DemoDomain.csproj", "{5F2D9DDA-3F24-4E07-9A49-00D03AC985DE}"
EndProject
Project("{2150E333-8FDC-42A3-9474-1A3956D46DE8}") = "2 - Application", "2 - Application", "{F3746AD1-B678-4C2F-8AF1-FEB67310768B}"
EndProject
Project("{9A19103F-16F7-4668-BE54-9A1E7A4F7556}") = "DemoApplication", "src\2 - Application\DemoApplication\DemoApplication.csproj", "{D7843B40-5881-4B84-A9E0-DED6B75F7B39}"
EndProject
Project("{2150E333-8FDC-42A3-9474-1A3956D46DE8}") = "4 - Infra", "4 - Infra", "{17CE5D13-B99C-4611-AEC9-CCF19AA8931B}"
EndProject
Project("{2150E333-8FDC-42A3-9474-1A3956D46DE8}") = "4.1 - Database", "4.1 - Database", "{980BD98A-A114-46FC-B957-04F6154A77D8}"
EndProject
Project("{9A19103F-16F7-4668-BE54-9A1E7A4F7556}") = "DemoSQL", "src\4 - Infra\4.1 - Database\DemoSQL\DemoSQL.csproj", "{A9F5BF00-9B42-47E6-B4C3-B8DCD5E6E3BB}"
EndProject
Project("{2150E333-8FDC-42A3-9474-1A3956D46DE8}") = "1 - Gateway", "1 - Gateway", "{C7C21BEE-AD7F-42B6-8B8F-D5900F644F5C}"
EndProject
Project("{9A19103F-16F7-4668-BE54-9A1E7A4F7556}") = "DemoWebApi", "src\1 - Gateway\DemoWebApi\DemoWebApi.csproj", "{DCAB2FCC-CC57-4034-9521-50F24CE92760}"
EndProject
Project("{9A19103F-16F7-4668-BE54-9A1E7A4F7556}") = "DemoEntityRepository", "src\4 - Infra\4.1 - Database\DemoEntityRepository\DemoEntityRepository.csproj", "{7AFEB0B6-6E66-4A03-8F14-E62324C0A624}"
EndProject
Project("{9A19103F-16F7-4668-BE54-9A1E7A4F7556}") = "DemoDapperRepository", "src\4 - Infra\4.1 - Database\DemoDapperRepository\DemoDapperRepository.csproj", "{4902F69D-7BF8-4438-B258-FDED130C5479}"
EndProject
Project("{FAE04EC0-301F-11D3-BF4B-00C04F79EFBC}") = "DemoDTO", "DemoDTO\DemoDTO.csproj", "{CF7C24A4-05EC-4416-BC0D-AF400A6DCBE1}"
EndProject
Project("{2150E333-8FDC-42A3-9474-1A3956D46DE8}") = "4.2 - Cross", "4.2 - Cross", "{10852AFB-B718-4CBC-920B-0AE0DE139C55}"
EndProject
Project("{FAE04EC0-301F-11D3-BF4B-00C04F79EFBC}") = "DemoNotification", "DemoNotification\DemoNotification.csproj", "{932DB95A-EDCE-4933-A30B-6BAD5BB2354A}"
EndProject
Global
	GlobalSection(SolutionConfigurationPlatforms) = preSolution
		Debug|Any CPU = Debug|Any CPU
		Debug|x64 = Debug|x64
		Debug|x86 = Debug|x86
		Release|Any CPU = Release|Any CPU
		Release|x64 = Release|x64
		Release|x86 = Release|x86
	EndGlobalSection
	GlobalSection(ProjectConfigurationPlatforms) = postSolution
		{5F2D9DDA-3F24-4E07-9A49-00D03AC985DE}.Debug|Any CPU.ActiveCfg = Debug|Any CPU
		{5F2D9DDA-3F24-4E07-9A49-00D03AC985DE}.Debug|Any CPU.Build.0 = Debug|Any CPU
		{5F2D9DDA-3F24-4E07-9A49-00D03AC985DE}.Debug|x64.ActiveCfg = Debug|Any CPU
		{5F2D9DDA-3F24-4E07-9A49-00D03AC985DE}.Debug|x64.Build.0 = Debug|Any CPU
		{5F2D9DDA-3F24-4E07-9A49-00D03AC985DE}.Debug|x86.ActiveCfg = Debug|Any CPU
		{5F2D9DDA-3F24-4E07-9A49-00D03AC985DE}.Debug|x86.Build.0 = Debug|Any CPU
		{5F2D9DDA-3F24-4E07-9A49-00D03AC985DE}.Release|Any CPU.ActiveCfg = Release|Any CPU
		{5F2D9DDA-3F24-4E07-9A49-00D03AC985DE}.Release|Any CPU.Build.0 = Release|Any CPU
		{5F2D9DDA-3F24-4E07-9A49-00D03AC985DE}.Release|x64.ActiveCfg = Release|Any CPU
		{5F2D9DDA-3F24-4E07-9A49-00D03AC985DE}.Release|x64.Build.0 = Release|Any CPU
		{5F2D9DDA-3F24-4E07-9A49-00D03AC985DE}.Release|x86.ActiveCfg = Release|Any CPU
		{5F2D9DDA-3F24-4E07-9A49-00D03AC985DE}.Release|x86.Build.0 = Release|Any CPU
		{D7843B40-5881-4B84-A9E0-DED6B75F7B39}.Debug|Any CPU.ActiveCfg = Debug|Any CPU
		{D7843B40-5881-4B84-A9E0-DED6B75F7B39}.Debug|Any CPU.Build.0 = Debug|Any CPU
		{D7843B40-5881-4B84-A9E0-DED6B75F7B39}.Debug|x64.ActiveCfg = Debug|Any CPU
		{D7843B40-5881-4B84-A9E0-DED6B75F7B39}.Debug|x64.Build.0 = Debug|Any CPU
		{D7843B40-5881-4B84-A9E0-DED6B75F7B39}.Debug|x86.ActiveCfg = Debug|Any CPU
		{D7843B40-5881-4B84-A9E0-DED6B75F7B39}.Debug|x86.Build.0 = Debug|Any CPU
		{D7843B40-5881-4B84-A9E0-DED6B75F7B39}.Release|Any CPU.ActiveCfg = Release|Any CPU
		{D7843B40-5881-4B84-A9E0-DED6B75F7B39}.Release|Any CPU.Build.0 = Release|Any CPU
		{D7843B40-5881-4B84-A9E0-DED6B75F7B39}.Release|x64.ActiveCfg = Release|Any CPU
		{D7843B40-5881-4B84-A9E0-DED6B75F7B39}.Release|x64.Build.0 = Release|Any CPU
		{D7843B40-5881-4B84-A9E0-DED6B75F7B39}.Release|x86.ActiveCfg = Release|Any CPU
		{D7843B40-5881-4B84-A9E0-DED6B75F7B39}.Release|x86.Build.0 = Release|Any CPU
		{A9F5BF00-9B42-47E6-B4C3-B8DCD5E6E3BB}.Debug|Any CPU.ActiveCfg = Debug|Any CPU
		{A9F5BF00-9B42-47E6-B4C3-B8DCD5E6E3BB}.Debug|Any CPU.Build.0 = Debug|Any CPU
		{A9F5BF00-9B42-47E6-B4C3-B8DCD5E6E3BB}.Debug|x64.ActiveCfg = Debug|Any CPU
		{A9F5BF00-9B42-47E6-B4C3-B8DCD5E6E3BB}.Debug|x64.Build.0 = Debug|Any CPU
		{A9F5BF00-9B42-47E6-B4C3-B8DCD5E6E3BB}.Debug|x86.ActiveCfg = Debug|Any CPU
		{A9F5BF00-9B42-47E6-B4C3-B8DCD5E6E3BB}.Debug|x86.Build.0 = Debug|Any CPU
		{A9F5BF00-9B42-47E6-B4C3-B8DCD5E6E3BB}.Release|Any CPU.ActiveCfg = Release|Any CPU
		{A9F5BF00-9B42-47E6-B4C3-B8DCD5E6E3BB}.Release|Any CPU.Build.0 = Release|Any CPU
		{A9F5BF00-9B42-47E6-B4C3-B8DCD5E6E3BB}.Release|x64.ActiveCfg = Release|Any CPU
		{A9F5BF00-9B42-47E6-B4C3-B8DCD5E6E3BB}.Release|x64.Build.0 = Release|Any CPU
		{A9F5BF00-9B42-47E6-B4C3-B8DCD5E6E3BB}.Release|x86.ActiveCfg = Release|Any CPU
		{A9F5BF00-9B42-47E6-B4C3-B8DCD5E6E3BB}.Release|x86.Build.0 = Release|Any CPU
		{DCAB2FCC-CC57-4034-9521-50F24CE92760}.Debug|Any CPU.ActiveCfg = Debug|Any CPU
		{DCAB2FCC-CC57-4034-9521-50F24CE92760}.Debug|Any CPU.Build.0 = Debug|Any CPU
		{DCAB2FCC-CC57-4034-9521-50F24CE92760}.Debug|x64.ActiveCfg = Debug|Any CPU
		{DCAB2FCC-CC57-4034-9521-50F24CE92760}.Debug|x64.Build.0 = Debug|Any CPU
		{DCAB2FCC-CC57-4034-9521-50F24CE92760}.Debug|x86.ActiveCfg = Debug|Any CPU
		{DCAB2FCC-CC57-4034-9521-50F24CE92760}.Debug|x86.Build.0 = Debug|Any CPU
		{DCAB2FCC-CC57-4034-9521-50F24CE92760}.Release|Any CPU.ActiveCfg = Release|Any CPU
		{DCAB2FCC-CC57-4034-9521-50F24CE92760}.Release|Any CPU.Build.0 = Release|Any CPU
		{DCAB2FCC-CC57-4034-9521-50F24CE92760}.Release|x64.ActiveCfg = Release|Any CPU
		{DCAB2FCC-CC57-4034-9521-50F24CE92760}.Release|x64.Build.0 = Release|Any CPU
		{DCAB2FCC-CC57-4034-9521-50F24CE92760}.Release|x86.ActiveCfg = Release|Any CPU
		{DCAB2FCC-CC57-4034-9521-50F24CE92760}.Release|x86.Build.0 = Release|Any CPU
		{7AFEB0B6-6E66-4A03-8F14-E62324C0A624}.Debug|Any CPU.ActiveCfg = Debug|Any CPU
		{7AFEB0B6-6E66-4A03-8F14-E62324C0A624}.Debug|Any CPU.Build.0 = Debug|Any CPU
		{7AFEB0B6-6E66-4A03-8F14-E62324C0A624}.Debug|x64.ActiveCfg = Debug|Any CPU
		{7AFEB0B6-6E66-4A03-8F14-E62324C0A624}.Debug|x64.Build.0 = Debug|Any CPU
		{7AFEB0B6-6E66-4A03-8F14-E62324C0A624}.Debug|x86.ActiveCfg = Debug|Any CPU
		{7AFEB0B6-6E66-4A03-8F14-E62324C0A624}.Debug|x86.Build.0 = Debug|Any CPU
		{7AFEB0B6-6E66-4A03-8F14-E62324C0A624}.Release|Any CPU.ActiveCfg = Release|Any CPU
		{7AFEB0B6-6E66-4A03-8F14-E62324C0A624}.Release|Any CPU.Build.0 = Release|Any CPU
		{7AFEB0B6-6E66-4A03-8F14-E62324C0A624}.Release|x64.ActiveCfg = Release|Any CPU
		{7AFEB0B6-6E66-4A03-8F14-E62324C0A624}.Release|x64.Build.0 = Release|Any CPU
		{7AFEB0B6-6E66-4A03-8F14-E62324C0A624}.Release|x86.ActiveCfg = Release|Any CPU
		{7AFEB0B6-6E66-4A03-8F14-E62324C0A624}.Release|x86.Build.0 = Release|Any CPU
		{4902F69D-7BF8-4438-B258-FDED130C5479}.Debug|Any CPU.ActiveCfg = Debug|Any CPU
		{4902F69D-7BF8-4438-B258-FDED130C5479}.Debug|Any CPU.Build.0 = Debug|Any CPU
		{4902F69D-7BF8-4438-B258-FDED130C5479}.Debug|x64.ActiveCfg = Debug|Any CPU
		{4902F69D-7BF8-4438-B258-FDED130C5479}.Debug|x64.Build.0 = Debug|Any CPU
		{4902F69D-7BF8-4438-B258-FDED130C5479}.Debug|x86.ActiveCfg = Debug|Any CPU
		{4902F69D-7BF8-4438-B258-FDED130C5479}.Debug|x86.Build.0 = Debug|Any CPU
		{4902F69D-7BF8-4438-B258-FDED130C5479}.Release|Any CPU.ActiveCfg = Release|Any CPU
		{4902F69D-7BF8-4438-B258-FDED130C5479}.Release|Any CPU.Build.0 = Release|Any CPU
		{4902F69D-7BF8-4438-B258-FDED130C5479}.Release|x64.ActiveCfg = Release|Any CPU
		{4902F69D-7BF8-4438-B258-FDED130C5479}.Release|x64.Build.0 = Release|Any CPU
		{4902F69D-7BF8-4438-B258-FDED130C5479}.Release|x86.ActiveCfg = Release|Any CPU
		{4902F69D-7BF8-4438-B258-FDED130C5479}.Release|x86.Build.0 = Release|Any CPU
		{CF7C24A4-05EC-4416-BC0D-AF400A6DCBE1}.Debug|Any CPU.ActiveCfg = Debug|Any CPU
		{CF7C24A4-05EC-4416-BC0D-AF400A6DCBE1}.Debug|Any CPU.Build.0 = Debug|Any CPU
		{CF7C24A4-05EC-4416-BC0D-AF400A6DCBE1}.Debug|x64.ActiveCfg = Debug|Any CPU
		{CF7C24A4-05EC-4416-BC0D-AF400A6DCBE1}.Debug|x64.Build.0 = Debug|Any CPU
		{CF7C24A4-05EC-4416-BC0D-AF400A6DCBE1}.Debug|x86.ActiveCfg = Debug|Any CPU
		{CF7C24A4-05EC-4416-BC0D-AF400A6DCBE1}.Debug|x86.Build.0 = Debug|Any CPU
		{CF7C24A4-05EC-4416-BC0D-AF400A6DCBE1}.Release|Any CPU.ActiveCfg = Release|Any CPU
		{CF7C24A4-05EC-4416-BC0D-AF400A6DCBE1}.Release|Any CPU.Build.0 = Release|Any CPU
		{CF7C24A4-05EC-4416-BC0D-AF400A6DCBE1}.Release|x64.ActiveCfg = Release|Any CPU
		{CF7C24A4-05EC-4416-BC0D-AF400A6DCBE1}.Release|x64.Build.0 = Release|Any CPU
		{CF7C24A4-05EC-4416-BC0D-AF400A6DCBE1}.Release|x86.ActiveCfg = Release|Any CPU
		{CF7C24A4-05EC-4416-BC0D-AF400A6DCBE1}.Release|x86.Build.0 = Release|Any CPU
		{932DB95A-EDCE-4933-A30B-6BAD5BB2354A}.Debug|Any CPU.ActiveCfg = Debug|Any CPU
		{932DB95A-EDCE-4933-A30B-6BAD5BB2354A}.Debug|Any CPU.Build.0 = Debug|Any CPU
		{932DB95A-EDCE-4933-A30B-6BAD5BB2354A}.Debug|x64.ActiveCfg = Debug|Any CPU
		{932DB95A-EDCE-4933-A30B-6BAD5BB2354A}.Debug|x64.Build.0 = Debug|Any CPU
		{932DB95A-EDCE-4933-A30B-6BAD5BB2354A}.Debug|x86.ActiveCfg = Debug|Any CPU
		{932DB95A-EDCE-4933-A30B-6BAD5BB2354A}.Debug|x86.Build.0 = Debug|Any CPU
		{932DB95A-EDCE-4933-A30B-6BAD5BB2354A}.Release|Any CPU.ActiveCfg = Release|Any CPU
		{932DB95A-EDCE-4933-A30B-6BAD5BB2354A}.Release|Any CPU.Build.0 = Release|Any CPU
		{932DB95A-EDCE-4933-A30B-6BAD5BB2354A}.Release|x64.ActiveCfg = Release|Any CPU
		{932DB95A-EDCE-4933-A30B-6BAD5BB2354A}.Release|x64.Build.0 = Release|Any CPU
		{932DB95A-EDCE-4933-A30B-6BAD5BB2354A}.Release|x86.ActiveCfg = Release|Any CPU
		{932DB95A-EDCE-4933-A30B-6BAD5BB2354A}.Release|x86.Build.0 = Release|Any CPU
	EndGlobalSection
	GlobalSection(SolutionProperties) = preSolution
		HideSolutionNode = FALSE
	EndGlobalSection
	GlobalSection(NestedProjects) = preSolution
		{FE41B8A2-1E5A-4213-ABD0-D9342F503D71} = {B76B46EE-C81C-4E61-BA76-263C3681529B}
		{5F2D9DDA-3F24-4E07-9A49-00D03AC985DE} = {FE41B8A2-1E5A-4213-ABD0-D9342F503D71}
		{F3746AD1-B678-4C2F-8AF1-FEB67310768B} = {B76B46EE-C81C-4E61-BA76-263C3681529B}
		{D7843B40-5881-4B84-A9E0-DED6B75F7B39} = {F3746AD1-B678-4C2F-8AF1-FEB67310768B}
		{17CE5D13-B99C-4611-AEC9-CCF19AA8931B} = {B76B46EE-C81C-4E61-BA76-263C3681529B}
		{980BD98A-A114-46FC-B957-04F6154A77D8} = {17CE5D13-B99C-4611-AEC9-CCF19AA8931B}
		{A9F5BF00-9B42-47E6-B4C3-B8DCD5E6E3BB} = {980BD98A-A114-46FC-B957-04F6154A77D8}
		{C7C21BEE-AD7F-42B6-8B8F-D5900F644F5C} = {B76B46EE-C81C-4E61-BA76-263C3681529B}
		{DCAB2FCC-CC57-4034-9521-50F24CE92760} = {C7C21BEE-AD7F-42B6-8B8F-D5900F644F5C}
		{7AFEB0B6-6E66-4A03-8F14-E62324C0A624} = {980BD98A-A114-46FC-B957-04F6154A77D8}
		{4902F69D-7BF8-4438-B258-FDED130C5479} = {980BD98A-A114-46FC-B957-04F6154A77D8}
		{CF7C24A4-05EC-4416-BC0D-AF400A6DCBE1} = {F3746AD1-B678-4C2F-8AF1-FEB67310768B}
		{10852AFB-B718-4CBC-920B-0AE0DE139C55} = {17CE5D13-B99C-4611-AEC9-CCF19AA8931B}
		{932DB95A-EDCE-4933-A30B-6BAD5BB2354A} = {10852AFB-B718-4CBC-920B-0AE0DE139C55}
	EndGlobalSection
	GlobalSection(ExtensibilityGlobals) = postSolution
		SolutionGuid = {F66C010D-4674-4096-92D4-AC10779DF5E4}
	EndGlobalSection
EndGlobal
